
Microsoft Visual Studio Solution File, Format Version 12.00
# Visual Studio Version 17
VisualStudioVersion = 17.3.32929.385
MinimumVisualStudioVersion = 10.0.40219.1
Project("{8BC9CEB8-8B4A-11D0-8D11-00A0C91BC942}") = "module02", "module02\module02.vcxproj", "{B41BB98D-B12D-4FCC-8610-001784A56819}"
EndProject
Project("{8BC9CEB8-8B4A-11D0-8D11-00A0C91BC942}") = "ex01", "ex01\ex01.vcxproj", "{70EB9C5F-F7DB-486B-AF7A-015AE343C8CD}"
EndProject
Project("{8BC9CEB8-8B4A-11D0-8D11-00A0C91BC942}") = "ex02", "ex02\ex02.vcxproj", "{F075191B-EBFB-4823-AB12-4C89AABBDD03}"
EndProject
Global
	GlobalSection(SolutionConfigurationPlatforms) = preSolution
		Debug|x64 = Debug|x64
		Debug|x86 = Debug|x86
		Release|x64 = Release|x64
		Release|x86 = Release|x86
	EndGlobalSection
	GlobalSection(ProjectConfigurationPlatforms) = postSolution
		{B41BB98D-B12D-4FCC-8610-001784A56819}.Debug|x64.ActiveCfg = Debug|x64
		{B41BB98D-B12D-4FCC-8610-001784A56819}.Debug|x64.Build.0 = Debug|x64
		{B41BB98D-B12D-4FCC-8610-001784A56819}.Debug|x86.ActiveCfg = Debug|Win32
		{B41BB98D-B12D-4FCC-8610-001784A56819}.Debug|x86.Build.0 = Debug|Win32
		{B41BB98D-B12D-4FCC-8610-001784A56819}.Release|x64.ActiveCfg = Release|x64
		{B41BB98D-B12D-4FCC-8610-001784A56819}.Release|x64.Build.0 = Release|x64
		{B41BB98D-B12D-4FCC-8610-001784A56819}.Release|x86.ActiveCfg = Release|Win32
		{B41BB98D-B12D-4FCC-8610-001784A56819}.Release|x86.Build.0 = Release|Win32
		{70EB9C5F-F7DB-486B-AF7A-015AE343C8CD}.Debug|x64.ActiveCfg = Debug|x64
		{70EB9C5F-F7DB-486B-AF7A-015AE343C8CD}.Debug|x64.Build.0 = Debug|x64
		{70EB9C5F-F7DB-486B-AF7A-015AE343C8CD}.Debug|x86.ActiveCfg = Debug|Win32
		{70EB9C5F-F7DB-486B-AF7A-015AE343C8CD}.Debug|x86.Build.0 = Debug|Win32
		{70EB9C5F-F7DB-486B-AF7A-015AE343C8CD}.Release|x64.ActiveCfg = Release|x64
		{70EB9C5F-F7DB-486B-AF7A-015AE343C8CD}.Release|x64.Build.0 = Release|x64
		{70EB9C5F-F7DB-486B-AF7A-015AE343C8CD}.Release|x86.ActiveCfg = Release|Win32
		{70EB9C5F-F7DB-486B-AF7A-015AE343C8CD}.Release|x86.Build.0 = Release|Win32
		{F075191B-EBFB-4823-AB12-4C89AABBDD03}.Debug|x64.ActiveCfg = Debug|x64
		{F075191B-EBFB-4823-AB12-4C89AABBDD03}.Debug|x64.Build.0 = Debug|x64
		{F075191B-EBFB-4823-AB12-4C89AABBDD03}.Debug|x86.ActiveCfg = Debug|Win32
		{F075191B-EBFB-4823-AB12-4C89AABBDD03}.Debug|x86.Build.0 = Debug|Win32
		{F075191B-EBFB-4823-AB12-4C89AABBDD03}.Release|x64.ActiveCfg = Release|x64
		{F075191B-EBFB-4823-AB12-4C89AABBDD03}.Release|x64.Build.0 = Release|x64
		{F075191B-EBFB-4823-AB12-4C89AABBDD03}.Release|x86.ActiveCfg = Release|Win32
		{F075191B-EBFB-4823-AB12-4C89AABBDD03}.Release|x86.Build.0 = Release|Win32
	EndGlobalSection
	GlobalSection(SolutionProperties) = preSolution
		HideSolutionNode = FALSE
	EndGlobalSection
	GlobalSection(ExtensibilityGlobals) = postSolution
		SolutionGuid = {04570BD2-B275-48D4-9BA4-64AAC1CB577D}
	EndGlobalSection
EndGlobal
